{
	"name": "leekslazylogger",
	"version": "2.0.0-alpha.0",
	"lockfileVersion": 1,
	"requires": true,
	"dependencies": {
		"@eartharoid/dtf": {
			"version": "1.0.7",
			"resolved": "https://registry.npmjs.org/@eartharoid/dtf/-/dtf-1.0.7.tgz",
			"integrity": "sha512-wxO2nTqttsWEyQXKudIT//Inz3FG53Cu5QuSnmt9X4eSlAnnd5vy8rwFI/TuGpu6ic8/y6OyIAHxb+OkRWbjpg=="
		},
		"leeks.js": {
			"version": "0.0.8"
		}
	}
}
