{
	"name": "leekslazylogger",
	"version": "2.0.7",
	"lockfileVersion": 1,
	"requires": true,
	"dependencies": {
		"@eartharoid/dtf": {
			"version": "1.0.8",
			"resolved": "https://registry.npmjs.org/@eartharoid/dtf/-/dtf-1.0.8.tgz",
			"integrity": "sha512-e3mR8JY6Uuy1Zj89iYEZfvK6s81GlWEPP4gO8NzfItzF4xFGFTVTwRjZ6sCVBmbhj3ouX2pyvx8O9snx4r5Xrg=="
		},
		"leeks.js": {
			"version": "0.0.9",
			"resolved": "https://registry.npmjs.org/leeks.js/-/leeks.js-0.0.9.tgz",
			"integrity": "sha512-e6UVJ1fj8f2clpHy+KpXVWVxjzB3XYFGyKRJHDlT8Gy/75BT+9bYUacpHSCoXp7RTtyMSr4eBjZrp0nHyyQVbg=="
		},
		"lodash.merge": {
			"version": "4.6.2",
			"resolved": "https://registry.npmjs.org/lodash.merge/-/lodash.merge-4.6.2.tgz",
			"integrity": "sha512-0KpjqXRVvrYyCsX1swR/XTK0va6VQkQM6MNo7PqW77ByjAhoARA8EfrP1N4+KlKj8YS0ZUCtRT/YUuhyYDujIQ=="
		}
	}
}
